[[package]]
name = "a"
version = "0.1.0"
dependencies = [
 "hound 3.3.0 (registry+https://github.com/rust-lang/crates.io-index)",
]

[[package]]
name = "hound"
version = "3.3.0"
source = "registry+https://github.com/rust-lang/crates.io-index"

[metadata]
"checksum hound 3.3.0 (registry+https://github.com/rust-lang/crates.io-index)" = "2fce9b1b615fbfc7e0f91609d4d37cbad1df43cd6e2b25b0d09bb1f38eef1be9"
